// !$*UTF8*$!
{
	archiveVersion = 1;
	classes = {
	};
	objectVersion = 77;
	objects = {

/* Begin PBXBuildFile section */
		01832637F4B6623D057A7B8A /* WatchAudioValidatorTests.swift in Sources */ = {isa = PBXBuildFile; fileRef = 4F390528FCB670559D4033BE /* WatchAudioValidatorTests.swift */; };
		04FB81BCBFB6ED9A82246EE8 /* WatchTransferEnvelopeTests.swift in Sources */ = {isa = PBXBuildFile; fileRef = 5145060929FDD54F3F5E96D0 /* WatchTransferEnvelopeTests.swift */; };
		07F098B065FA890B601392B7 /* WatchNowPlayingView.swift in Sources */ = {isa = PBXBuildFile; fileRef = F21B79C2A27FB9BB14562982 /* WatchNowPlayingView.swift */; };
		0A1A05E4C5AF5BE2F42EEE35 /* DesignSystem.swift in Sources */ = {isa = PBXBuildFile; fileRef = 04C89E86F6F5782E9A0CDBA3 /* DesignSystem.swift */; };
		14E6FB9DE80532300BD55461 /* Protocols.swift in Sources */ = {isa = PBXBuildFile; fileRef = 9DFF1F879337E77441B90173 /* Protocols.swift */; };
		160824C2143A76520454A4D1 /* PrivacyInfo.xcprivacy in Resources */ = {isa = PBXBuildFile; fileRef = 4DF59C5505D063828FBE7CEC /* PrivacyInfo.xcprivacy */; };
		164289CF4085781ACED0DBFD /* WatchCapacityChecker.swift in Sources */ = {isa = PBXBuildFile; fileRef = 79AD702E28F627326D1D2B00 /* WatchCapacityChecker.swift */; };
		1E30DE1BD799D121918AB3A2 /* Python.xcframework in Embed Frameworks */ = {isa = PBXBuildFile; fileRef = FD1CCA0C071673B7CBABD275 /* Python.xcframework */; settings = {ATTRIBUTES = (CodeSignOnCopy, RemoveHeadersOnCopy, ); }; };
		233530C72F9679D4A70EAF7C /* SubscriptionsView.swift in Sources */ = {isa = PBXBuildFile; fileRef = 2DEC8820DB6F98C9905112D1 /* SubscriptionsView.swift */; };
		258671AADEF9343C818246D9 /* HomeView.swift in Sources */ = {isa = PBXBuildFile; fileRef = ECBF84DBA1C1C2CBC63844AA /* HomeView.swift */; };
		267277CF39523093EA184D28 /* WatchTransferRecord.swift in Sources */ = {isa = PBXBuildFile; fileRef = 70AD9BC35E4D93F03DB65200 /* WatchTransferRecord.swift */; };
		29AC2C41367C099C2BD4B4BC /* PhoneWCSessionDriver.swift in Sources */ = {isa = PBXBuildFile; fileRef = 9F544B05966EAC4ED38433C6 /* PhoneWCSessionDriver.swift */; };
		2D3A5A4992970B649940D77F /* RootView.swift in Sources */ = {isa = PBXBuildFile; fileRef = 3D0D5526A070535A974E9A0A /* RootView.swift */; };
		33A53FEA32B8C9C824EE6735 /* GoogleAuthServiceTests.swift in Sources */ = {isa = PBXBuildFile; fileRef = 501E8811AF44B280943CC212 /* GoogleAuthServiceTests.swift */; };
		3425BFD1126608EBEA35C512 /* WatchLibraryRow.swift in Sources */ = {isa = PBXBuildFile; fileRef = 0BE7F0247E335E795C23A65F /* WatchLibraryRow.swift */; };
		35F4176E804486C8FFEA1521 /* AccountSettingsView.swift in Sources */ = {isa = PBXBuildFile; fileRef = 7088CDCBA218FE36100270DC /* AccountSettingsView.swift */; };
		3B240296E21020FC8807F61C /* VideoRowView.swift in Sources */ = {isa = PBXBuildFile; fileRef = A574E735EDFA6630EEDAE4AF /* VideoRowView.swift */; };
		3F8B56EFF8C2FD09703EE794 /* WatchConnectivityTransport.swift in Sources */ = {isa = PBXBuildFile; fileRef = 812A408ED31A4B5EC3381241 /* WatchConnectivityTransport.swift */; };
		42AE5AE52EF11D01435CE581 /* WatchAudioValidator.swift in Sources */ = {isa = PBXBuildFile; fileRef = 2575879BBB9A819198F22C39 /* WatchAudioValidator.swift */; };
		45AA57D045F57EE8CCCBC40F /* WatchWCSessionDriver.swift in Sources */ = {isa = PBXBuildFile; fileRef = FB5B605B26858B41FC919F67 /* WatchWCSessionDriver.swift */; };
		49663BDEFEBD7319E409C0F2 /* YouTubeURLParserTests.swift in Sources */ = {isa = PBXBuildFile; fileRef = 044E5B32006034714D27B5C4 /* YouTubeURLParserTests.swift */; };
		4A39DE5ACF2D927F16C2626B /* WatchUITestFixture.swift in Sources */ = {isa = PBXBuildFile; fileRef = BD98D97E966F4C5A90599E7D /* WatchUITestFixture.swift */; };
		4ACEDE59D6638723C0FE1515 /* WatchAudioPlayerServiceTests.swift in Sources */ = {isa = PBXBuildFile; fileRef = C704D2FB611E02F8A46080E0 /* WatchAudioPlayerServiceTests.swift */; };
		4C2B0DDDF55E35137B3EE46D /* PhoneWatchTransferService.swift in Sources */ = {isa = PBXBuildFile; fileRef = 6D7C4B92010911A4AF7900CB /* PhoneWatchTransferService.swift */; };
		4EC921A8D181478022C12A9E /* WatchSavedAudio.swift in Sources */ = {isa = PBXBuildFile; fileRef = 930332A1947C550BC84D1711 /* WatchSavedAudio.swift */; };
		5004E8C5E19457E0109DBDA5 /* Assets.xcassets in Resources */ = {isa = PBXBuildFile; fileRef = C1F8689FB85CA39851BB9076 /* Assets.xcassets */; };
		53B2D2DB2BD65E419FF34F62 /* PhoneWatchTransferServiceTests.swift in Sources */ = {isa = PBXBuildFile; fileRef = AABE75B25EA6453DB246E461 /* PhoneWatchTransferServiceTests.swift */; };
		55736CDD9DB7E35DEA5CFCF4 /* WatchPendingAcknowledgement.swift in Sources */ = {isa = PBXBuildFile; fileRef = 86294F9298410FB08E53361E /* WatchPendingAcknowledgement.swift */; };
		58CC34D99EE70EDE763B7ABE /* PlayerViews.swift in Sources */ = {isa = PBXBuildFile; fileRef = D237A61198EDBECD6200B710 /* PlayerViews.swift */; };
		602EFFBAE7489C7DA9AE25E3 /* WatchTransferEnvelope.swift in Sources */ = {isa = PBXBuildFile; fileRef = B216C3319F37562AA2866922 /* WatchTransferEnvelope.swift */; };
		60DB56C78ECD54D0655E0082 /* WatchAudioLibraryServiceTests.swift in Sources */ = {isa = PBXBuildFile; fileRef = 36083239230144DE7DA56E93 /* WatchAudioLibraryServiceTests.swift */; };
		6714AA556D6B8C0D5B64FDCF /* WatchSavedAudioModelTests.swift in Sources */ = {isa = PBXBuildFile; fileRef = 85422FE1666FF49BEA4EA0D7 /* WatchSavedAudioModelTests.swift */; };
		68BC812623FA2D1E285CC6E3 /* WatchUIPresentation.swift in Sources */ = {isa = PBXBuildFile; fileRef = F6C6BEE7B9304A645EA20567 /* WatchUIPresentation.swift */; };
		6BB2F94A12A491757926E063 /* WatchRootView.swift in Sources */ = {isa = PBXBuildFile; fileRef = DEB3B6D6907405BF886AF9F8 /* WatchRootView.swift */; };
		6F20BC930C27655C4A883247 /* PrivacyInfo.xcprivacy in Resources */ = {isa = PBXBuildFile; fileRef = 19994901F44058463351D767 /* PrivacyInfo.xcprivacy */; };
		6FEEB0C05E4696A1F83A193E /* YouTubePodWatchUITests.swift in Sources */ = {isa = PBXBuildFile; fileRef = CEA647BB029EED6FDB464D65 /* YouTubePodWatchUITests.swift */; };
		779762809D5765754F692BAD /* WatchTransferEnvelope.swift in Sources */ = {isa = PBXBuildFile; fileRef = B216C3319F37562AA2866922 /* WatchTransferEnvelope.swift */; };
		794AD94AD44A15F07C81C8FD /* WatchTransfersView.swift in Sources */ = {isa = PBXBuildFile; fileRef = 2B1E3C6F313B746E334E3EE6 /* WatchTransfersView.swift */; };
		79701270A23881DED6DFCC1A /* WatchSessionReceiverTests.swift in Sources */ = {isa = PBXBuildFile; fileRef = 322893D08CB6846C6B6EA1EB /* WatchSessionReceiverTests.swift */; };
		7A6B19FA451480C1EC5B6128 /* WatchDeletionTombstone.swift in Sources */ = {isa = PBXBuildFile; fileRef = 864CEFF9A714A10365F38E4B /* WatchDeletionTombstone.swift */; };
		7B76EAB0602D03F3C98FA873 /* YouTubeDataClientTests.swift in Sources */ = {isa = PBXBuildFile; fileRef = C7B4E37CCE420CE9C726446E /* YouTubeDataClientTests.swift */; };
		7C557EFC7D26B7539054F3FF /* LibraryView.swift in Sources */ = {isa = PBXBuildFile; fileRef = 780B899D6BE945278654079B /* LibraryView.swift */; };
		7FB71B1C906A802B9D024221 /* AuthenticationView.swift in Sources */ = {isa = PBXBuildFile; fileRef = E6DA897F2BE0AF3C988D3AA1 /* AuthenticationView.swift */; };
		805659ACCFF09E7C66C3BB05 /* WatchLibraryMetadata.swift in Sources */ = {isa = PBXBuildFile; fileRef = EAFCA25E8657AF5E6D7658F7 /* WatchLibraryMetadata.swift */; };
		80CEC619F47B5014C92DFD3A /* WatchAudioLibraryService.swift in Sources */ = {isa = PBXBuildFile; fileRef = 8DBCA5DCCACE334EE470F41A /* WatchAudioLibraryService.swift */; };
		85B3EB956743261DFBF0A56B /* WatchUIPresentationTests.swift in Sources */ = {isa = PBXBuildFile; fileRef = 5B38163D239EF8A7309310F4 /* WatchUIPresentationTests.swift */; };
		8986B709E74E6CA7908A8366 /* AppEnvironment.swift in Sources */ = {isa = PBXBuildFile; fileRef = E11B3E5897A8E9BFCFAC4644 /* AppEnvironment.swift */; };
		8E17B6D611F7E10AF3BC9BEB /* WCSessionAdapterTests.swift in Sources */ = {isa = PBXBuildFile; fileRef = 0AB33383412545BD6482A40B /* WCSessionAdapterTests.swift */; };
		8EEA384377E426E0DBC1E98C /* WatchIncomingFileStagerTests.swift in Sources */ = {isa = PBXBuildFile; fileRef = 34265591AAEF354E16CF6FC8 /* WatchIncomingFileStagerTests.swift */; };
		9138C50564F042C09C2579A1 /* YouTubePodWatch.app in Embed Watch Content */ = {isa = PBXBuildFile; fileRef = 696DF6F1B56DDB6CBE2046D2 /* YouTubePodWatch.app */; settings = {ATTRIBUTES = (RemoveHeadersOnCopy, ); }; };
		9181DDE6816B67E58936F59A /* YouTubePodWatchApp.swift in Sources */ = {isa = PBXBuildFile; fileRef = 8E91D7352EEF484B74069953 /* YouTubePodWatchApp.swift */; };
		986DAE8E2AFB7AA426645274 /* WatchSessionReceiver.swift in Sources */ = {isa = PBXBuildFile; fileRef = BB902880F3D658771A74D9C7 /* WatchSessionReceiver.swift */; };
		9B0D795939E96EFA965880A1 /* WatchPeerSyncService.swift in Sources */ = {isa = PBXBuildFile; fileRef = DB2C2EF35D1511E2E502C271 /* WatchPeerSyncService.swift */; };
		9D4143519ED0BFD340DBF7B4 /* YouTubePodApp.swift in Sources */ = {isa = PBXBuildFile; fileRef = D4F9ED0423EE5A19C54F5AA4 /* YouTubePodApp.swift */; };
		9F8C9152F861B94AE9C4DAB0 /* DisplayFormatterTests.swift in Sources */ = {isa = PBXBuildFile; fileRef = 49D938277CED715FEDC875BB /* DisplayFormatterTests.swift */; };
		A1A458D5B63BBF30FF9EC3BC /* AudioLibraryService.swift in Sources */ = {isa = PBXBuildFile; fileRef = DB931541D6182563B3AD665C /* AudioLibraryService.swift */; };
		A2393810418281E1BE701D87 /* GoogleSignIn in Frameworks */ = {isa = PBXBuildFile; productRef = 3126F004EBF7CC0BD524E7EA /* GoogleSignIn */; };
		A4C223822128543233B93DA5 /* DownloadManager.swift in Sources */ = {isa = PBXBuildFile; fileRef = 39ADADD4657193B814674447 /* DownloadManager.swift */; };
		A6FD4DA4F98351D3F3B52F58 /* WatchTransferSnapshotStoreTests.swift in Sources */ = {isa = PBXBuildFile; fileRef = 280A3139569100EC7C9EF820 /* WatchTransferSnapshotStoreTests.swift */; };
		A790A44F5FF630C0F039F724 /* DownloadManagerTests.swift in Sources */ = {isa = PBXBuildFile; fileRef = 0E579C68BB42B0407B7EFC0E /* DownloadManagerTests.swift */; };
		AB5D836175C5A812F815937D /* WCSessionAdapter.swift in Sources */ = {isa = PBXBuildFile; fileRef = DE3F9213F2A346F08E0A1B30 /* WCSessionAdapter.swift */; };
		ACC5D27A53C54B44CB4927B8 /* PythonKit in Frameworks */ = {isa = PBXBuildFile; productRef = DFF017077966D2CCA9C43966 /* PythonKit */; };
		BB160DCF0675031209AFCE8C /* AudioPlayerService.swift in Sources */ = {isa = PBXBuildFile; fileRef = FB54C7DF35A0712AE5967AD2 /* AudioPlayerService.swift */; };
		BBFDF51D4543BCF607D478DD /* Assets.xcassets in Resources */ = {isa = PBXBuildFile; fileRef = C9715E95D88980FDA472036E /* Assets.xcassets */; };
		C08E490BB721CF9680D5D856 /* WatchTransferSnapshotStore.swift in Sources */ = {isa = PBXBuildFile; fileRef = 8A64D58C6920F8641413D02D /* WatchTransferSnapshotStore.swift */; };
		C1A88362BEF934AE3CEA5CD7 /* YouTubeDataClient.swift in Sources */ = {isa = PBXBuildFile; fileRef = A4EAAA2AB960EA1DB4F54716 /* YouTubeDataClient.swift */; };
		C423ABD974401A51DB301229 /* AudioLibraryServiceTests.swift in Sources */ = {isa = PBXBuildFile; fileRef = B62C27427695125FCDBF7E4E /* AudioLibraryServiceTests.swift */; };
		C743B3A84596927082E2437F /* WatchAudioPlayerService.swift in Sources */ = {isa = PBXBuildFile; fileRef = 6A75FC54A4456C9D87CA197F /* WatchAudioPlayerService.swift */; };
		CF4BBF83C46A1F726C42C400 /* Models.swift in Sources */ = {isa = PBXBuildFile; fileRef = 0FE522626BB6242CB4413740 /* Models.swift */; };
		CFBE6E13D463DF6460DD4238 /* PythonAudioExtractor.swift in Sources */ = {isa = PBXBuildFile; fileRef = 1BAE31885609C3FC49F159A8 /* PythonAudioExtractor.swift */; };
		D22BD9FDB1306356F3133E1A /* ChannelVideosView.swift in Sources */ = {isa = PBXBuildFile; fileRef = 57C815A832E88BFC47DB83BB /* ChannelVideosView.swift */; };
		D237F1C3E37558AA38CE4871 /* Formatting.swift in Sources */ = {isa = PBXBuildFile; fileRef = 8461593F7ABB3843AEDA6BC3 /* Formatting.swift */; };
		E24FA4944E552E20D89EF859 /* GoogleAuthService.swift in Sources */ = {isa = PBXBuildFile; fileRef = 379E658A1A8E71F6D9B50EEB /* GoogleAuthService.swift */; };
		F51F69E595A3D5C8C6DDAD5C /* WatchPeerSyncServiceTests.swift in Sources */ = {isa = PBXBuildFile; fileRef = C2274003E6E80DC4643F2A8A /* WatchPeerSyncServiceTests.swift */; };
		F80C5EA6DB744FB9DFA01821 /* DomainModelTests.swift in Sources */ = {isa = PBXBuildFile; fileRef = D4AE588449D9CD2706E58E68 /* DomainModelTests.swift */; };
		FA8F9A25A3AC6EA259D7B799 /* AudioPlayerServiceTests.swift in Sources */ = {isa = PBXBuildFile; fileRef = DDB293A872F8849BC687BE49 /* AudioPlayerServiceTests.swift */; };
		FB2CFB66624064D140EA0A85 /* WatchIncomingFileStager.swift in Sources */ = {isa = PBXBuildFile; fileRef = 8402F71553DB87ACCB2F8D13 /* WatchIncomingFileStager.swift */; };
		FEC5F56EE6896FDC7E40E27A /* YouTubePodSchemaTests.swift in Sources */ = {isa = PBXBuildFile; fileRef = BE05D0C82802010EDB50433C /* YouTubePodSchemaTests.swift */; };
		FED60DFC30C0EBB5BAE7E89F /* Python.xcframework in Frameworks */ = {isa = PBXBuildFile; fileRef = FD1CCA0C071673B7CBABD275 /* Python.xcframework */; };
/* End PBXBuildFile section */

/* Begin PBXContainerItemProxy section */
		3A72E5738D832953F0CF7DC0 /* PBXContainerItemProxy */ = {
			isa = PBXContainerItemProxy;
			containerPortal = 381E82668A24B77249B4322C /* Project object */;
			proxyType = 1;
			remoteGlobalIDString = 0496D2260FDEB66F546DA267;
			remoteInfo = YouTubePod;
		};
		A1C13549019490DC016BCEBE /* PBXContainerItemProxy */ = {
			isa = PBXContainerItemProxy;
			containerPortal = 381E82668A24B77249B4322C /* Project object */;
			proxyType = 1;
			remoteGlobalIDString = D34F35C565B9DB9030D82187;
			remoteInfo = YouTubePodWatch;
		};
		BB94F6B853F089313AA55EFF /* PBXContainerItemProxy */ = {
			isa = PBXContainerItemProxy;
			containerPortal = 381E82668A24B77249B4322C /* Project object */;
			proxyType = 1;
			remoteGlobalIDString = D34F35C565B9DB9030D82187;
			remoteInfo = YouTubePodWatch;
		};
		E37BA28C1FE70C254A37C000 /* PBXContainerItemProxy */ = {
			isa = PBXContainerItemProxy;
			containerPortal = 381E82668A24B77249B4322C /* Project object */;
			proxyType = 1;
			remoteGlobalIDString = D34F35C565B9DB9030D82187;
			remoteInfo = YouTubePodWatch;
		};
/* End PBXContainerItemProxy section */

/* Begin PBXCopyFilesBuildPhase section */
		0A421D6FD4A5C42DBF221F31 /* Embed Watch Content */ = {
			isa = PBXCopyFilesBuildPhase;
			buildActionMask = 2147483647;
			dstPath = "$(CONTENTS_FOLDER_PATH)/Watch";
			dstSubfolderSpec = 16;
			files = (
				9138C50564F042C09C2579A1 /* YouTubePodWatch.app in Embed Watch Content */,
			);
			name = "Embed Watch Content";
			runOnlyForDeploymentPostprocessing = 0;
		};
		6F09FECA71F0AE36AEBDC457 /* Embed Frameworks */ = {
			isa = PBXCopyFilesBuildPhase;
			buildActionMask = 2147483647;
			dstPath = "";
			dstSubfolderSpec = 10;
			files = (
				1E30DE1BD799D121918AB3A2 /* Python.xcframework in Embed Frameworks */,
			);
			name = "Embed Frameworks";
			runOnlyForDeploymentPostprocessing = 0;
		};
/* End PBXCopyFilesBuildPhase section */

/* Begin PBXFileReference section */
		044E5B32006034714D27B5C4 /* YouTubeURLParserTests.swift */ = {isa = PBXFileReference; lastKnownFileType = sourcecode.swift; path = YouTubeURLParserTests.swift; sourceTree = "<group>"; };
		04C89E86F6F5782E9A0CDBA3 /* DesignSystem.swift */ = {isa = PBXFileReference; lastKnownFileType = sourcecode.swift; path = DesignSystem.swift; sourceTree = "<group>"; };
		0AB33383412545BD6482A40B /* WCSessionAdapterTests.swift */ = {isa = PBXFileReference; lastKnownFileType = sourcecode.swift; path = WCSessionAdapterTests.swift; sourceTree = "<group>"; };
		0BE7F0247E335E795C23A65F /* WatchLibraryRow.swift */ = {isa = PBXFileReference; lastKnownFileType = sourcecode.swift; path = WatchLibraryRow.swift; sourceTree = "<group>"; };
		0E579C68BB42B0407B7EFC0E /* DownloadManagerTests.swift */ = {isa = PBXFileReference; lastKnownFileType = sourcecode.swift; path = DownloadManagerTests.swift; sourceTree = "<group>"; };
		0FE522626BB6242CB4413740 /* Models.swift */ = {isa = PBXFileReference; lastKnownFileType = sourcecode.swift; path = Models.swift; sourceTree = "<group>"; };
		19994901F44058463351D767 /* PrivacyInfo.xcprivacy */ = {isa = PBXFileReference; path = PrivacyInfo.xcprivacy; sourceTree = "<group>"; };
		1BAE31885609C3FC49F159A8 /* PythonAudioExtractor.swift */ = {isa = PBXFileReference; lastKnownFileType = sourcecode.swift; path = PythonAudioExtractor.swift; sourceTree = "<group>"; };
		2575879BBB9A819198F22C39 /* WatchAudioValidator.swift */ = {isa = PBXFileReference; lastKnownFileType = sourcecode.swift; path = WatchAudioValidator.swift; sourceTree = "<group>"; };
		280A3139569100EC7C9EF820 /* WatchTransferSnapshotStoreTests.swift */ = {isa = PBXFileReference; lastKnownFileType = sourcecode.swift; path = WatchTransferSnapshotStoreTests.swift; sourceTree = "<group>"; };
		2B1E3C6F313B746E334E3EE6 /* WatchTransfersView.swift */ = {isa = PBXFileReference; lastKnownFileType = sourcecode.swift; path = WatchTransfersView.swift; sourceTree = "<group>"; };
		2BA905913416574B01F245C5 /* Tests.xcconfig */ = {isa = PBXFileReference; lastKnownFileType = text.xcconfig; path = Tests.xcconfig; sourceTree = "<group>"; };
		2DEC8820DB6F98C9905112D1 /* SubscriptionsView.swift */ = {isa = PBXFileReference; lastKnownFileType = sourcecode.swift; path = SubscriptionsView.swift; sourceTree = "<group>"; };
		322893D08CB6846C6B6EA1EB /* WatchSessionReceiverTests.swift */ = {isa = PBXFileReference; lastKnownFileType = sourcecode.swift; path = WatchSessionReceiverTests.swift; sourceTree = "<group>"; };
		34265591AAEF354E16CF6FC8 /* WatchIncomingFileStagerTests.swift */ = {isa = PBXFileReference; lastKnownFileType = sourcecode.swift; path = WatchIncomingFileStagerTests.swift; sourceTree = "<group>"; };
		36083239230144DE7DA56E93 /* WatchAudioLibraryServiceTests.swift */ = {isa = PBXFileReference; lastKnownFileType = sourcecode.swift; path = WatchAudioLibraryServiceTests.swift; sourceTree = "<group>"; };
		379E658A1A8E71F6D9B50EEB /* GoogleAuthService.swift */ = {isa = PBXFileReference; lastKnownFileType = sourcecode.swift; path = GoogleAuthService.swift; sourceTree = "<group>"; };
		39ADADD4657193B814674447 /* DownloadManager.swift */ = {isa = PBXFileReference; lastKnownFileType = sourcecode.swift; path = DownloadManager.swift; sourceTree = "<group>"; };
		3D0D5526A070535A974E9A0A /* RootView.swift */ = {isa = PBXFileReference; lastKnownFileType = sourcecode.swift; path = RootView.swift; sourceTree = "<group>"; };
		49D938277CED715FEDC875BB /* DisplayFormatterTests.swift */ = {isa = PBXFileReference; lastKnownFileType = sourcecode.swift; path = DisplayFormatterTests.swift; sourceTree = "<group>"; };
		4A161B732F2924D0196A1B91 /* YouTubePod.entitlements */ = {isa = PBXFileReference; lastKnownFileType = text.plist.entitlements; path = YouTubePod.entitlements; sourceTree = "<group>"; };
		4DF59C5505D063828FBE7CEC /* PrivacyInfo.xcprivacy */ = {isa = PBXFileReference; path = PrivacyInfo.xcprivacy; sourceTree = "<group>"; };
		4F390528FCB670559D4033BE /* WatchAudioValidatorTests.swift */ = {isa = PBXFileReference; lastKnownFileType = sourcecode.swift; path = WatchAudioValidatorTests.swift; sourceTree = "<group>"; };
		4FA90625534B450F0DD07D0C /* WatchTests.xcconfig */ = {isa = PBXFileReference; lastKnownFileType = text.xcconfig; path = WatchTests.xcconfig; sourceTree = "<group>"; };
		501E8811AF44B280943CC212 /* GoogleAuthServiceTests.swift */ = {isa = PBXFileReference; lastKnownFileType = sourcecode.swift; path = GoogleAuthServiceTests.swift; sourceTree = "<group>"; };
		5145060929FDD54F3F5E96D0 /* WatchTransferEnvelopeTests.swift */ = {isa = PBXFileReference; lastKnownFileType = sourcecode.swift; path = WatchTransferEnvelopeTests.swift; sourceTree = "<group>"; };
		53BEB435BC9F0BB78274C9A6 /* Info.plist */ = {isa = PBXFileReference; lastKnownFileType = text.plist; path = Info.plist; sourceTree = "<group>"; };
		57C815A832E88BFC47DB83BB /* ChannelVideosView.swift */ = {isa = PBXFileReference; lastKnownFileType = sourcecode.swift; path = ChannelVideosView.swift; sourceTree = "<group>"; };
		5AAC5454886101653737213F /* Base.xcconfig */ = {isa = PBXFileReference; lastKnownFileType = text.xcconfig; path = Base.xcconfig; sourceTree = "<group>"; };
		5B38163D239EF8A7309310F4 /* WatchUIPresentationTests.swift */ = {isa = PBXFileReference; lastKnownFileType = sourcecode.swift; path = WatchUIPresentationTests.swift; sourceTree = "<group>"; };
		696DF6F1B56DDB6CBE2046D2 /* YouTubePodWatch.app */ = {isa = PBXFileReference; explicitFileType = wrapper.application; includeInIndex = 0; path = YouTubePodWatch.app; sourceTree = BUILT_PRODUCTS_DIR; };
		6A75FC54A4456C9D87CA197F /* WatchAudioPlayerService.swift */ = {isa = PBXFileReference; lastKnownFileType = sourcecode.swift; path = WatchAudioPlayerService.swift; sourceTree = "<group>"; };
		6D7C4B92010911A4AF7900CB /* PhoneWatchTransferService.swift */ = {isa = PBXFileReference; lastKnownFileType = sourcecode.swift; path = PhoneWatchTransferService.swift; sourceTree = "<group>"; };
		7088CDCBA218FE36100270DC /* AccountSettingsView.swift */ = {isa = PBXFileReference; lastKnownFileType = sourcecode.swift; path = AccountSettingsView.swift; sourceTree = "<group>"; };
		70AD9BC35E4D93F03DB65200 /* WatchTransferRecord.swift */ = {isa = PBXFileReference; lastKnownFileType = sourcecode.swift; path = WatchTransferRecord.swift; sourceTree = "<group>"; };
		776B3C239D404D1E559344E2 /* Info.plist */ = {isa = PBXFileReference; lastKnownFileType = text.plist; path = Info.plist; sourceTree = "<group>"; };
		780B899D6BE945278654079B /* LibraryView.swift */ = {isa = PBXFileReference; lastKnownFileType = sourcecode.swift; path = LibraryView.swift; sourceTree = "<group>"; };
		79AD702E28F627326D1D2B00 /* WatchCapacityChecker.swift */ = {isa = PBXFileReference; lastKnownFileType = sourcecode.swift; path = WatchCapacityChecker.swift; sourceTree = "<group>"; };
		812A408ED31A4B5EC3381241 /* WatchConnectivityTransport.swift */ = {isa = PBXFileReference; lastKnownFileType = sourcecode.swift; path = WatchConnectivityTransport.swift; sourceTree = "<group>"; };
		8402F71553DB87ACCB2F8D13 /* WatchIncomingFileStager.swift */ = {isa = PBXFileReference; lastKnownFileType = sourcecode.swift; path = WatchIncomingFileStager.swift; sourceTree = "<group>"; };
		8461593F7ABB3843AEDA6BC3 /* Formatting.swift */ = {isa = PBXFileReference; lastKnownFileType = sourcecode.swift; path = Formatting.swift; sourceTree = "<group>"; };
		85422FE1666FF49BEA4EA0D7 /* WatchSavedAudioModelTests.swift */ = {isa = PBXFileReference; lastKnownFileType = sourcecode.swift; path = WatchSavedAudioModelTests.swift; sourceTree = "<group>"; };
		86294F9298410FB08E53361E /* WatchPendingAcknowledgement.swift */ = {isa = PBXFileReference; lastKnownFileType = sourcecode.swift; path = WatchPendingAcknowledgement.swift; sourceTree = "<group>"; };
		864CEFF9A714A10365F38E4B /* WatchDeletionTombstone.swift */ = {isa = PBXFileReference; lastKnownFileType = sourcecode.swift; path = WatchDeletionTombstone.swift; sourceTree = "<group>"; };
		8A64D58C6920F8641413D02D /* WatchTransferSnapshotStore.swift */ = {isa = PBXFileReference; lastKnownFileType = sourcecode.swift; path = WatchTransferSnapshotStore.swift; sourceTree = "<group>"; };
		8DBCA5DCCACE334EE470F41A /* WatchAudioLibraryService.swift */ = {isa = PBXFileReference; lastKnownFileType = sourcecode.swift; path = WatchAudioLibraryService.swift; sourceTree = "<group>"; };
		8E91D7352EEF484B74069953 /* YouTubePodWatchApp.swift */ = {isa = PBXFileReference; lastKnownFileType = sourcecode.swift; path = YouTubePodWatchApp.swift; sourceTree = "<group>"; };
		930332A1947C550BC84D1711 /* WatchSavedAudio.swift */ = {isa = PBXFileReference; lastKnownFileType = sourcecode.swift; path = WatchSavedAudio.swift; sourceTree = "<group>"; };
		9DFF1F879337E77441B90173 /* Protocols.swift */ = {isa = PBXFileReference; lastKnownFileType = sourcecode.swift; path = Protocols.swift; sourceTree = "<group>"; };
		9F544B05966EAC4ED38433C6 /* PhoneWCSessionDriver.swift */ = {isa = PBXFileReference; lastKnownFileType = sourcecode.swift; path = PhoneWCSessionDriver.swift; sourceTree = "<group>"; };
		A4EAAA2AB960EA1DB4F54716 /* YouTubeDataClient.swift */ = {isa = PBXFileReference; lastKnownFileType = sourcecode.swift; path = YouTubeDataClient.swift; sourceTree = "<group>"; };
		A574E735EDFA6630EEDAE4AF /* VideoRowView.swift */ = {isa = PBXFileReference; lastKnownFileType = sourcecode.swift; path = VideoRowView.swift; sourceTree = "<group>"; };
		AABE75B25EA6453DB246E461 /* PhoneWatchTransferServiceTests.swift */ = {isa = PBXFileReference; lastKnownFileType = sourcecode.swift; path = PhoneWatchTransferServiceTests.swift; sourceTree = "<group>"; };
		ADB3BE4D8D83E2789E3335C8 /* YouTubePod.app */ = {isa = PBXFileReference; includeInIndex = 0; lastKnownFileType = wrapper.application; path = YouTubePod.app; sourceTree = BUILT_PRODUCTS_DIR; };
		B216C3319F37562AA2866922 /* WatchTransferEnvelope.swift */ = {isa = PBXFileReference; lastKnownFileType = sourcecode.swift; path = WatchTransferEnvelope.swift; sourceTree = "<group>"; };
		B4C20802795A21434D3930EC /* Watch.xcconfig */ = {isa = PBXFileReference; lastKnownFileType = text.xcconfig; path = Watch.xcconfig; sourceTree = "<group>"; };
		B62C27427695125FCDBF7E4E /* AudioLibraryServiceTests.swift */ = {isa = PBXFileReference; lastKnownFileType = sourcecode.swift; path = AudioLibraryServiceTests.swift; sourceTree = "<group>"; };
		BB902880F3D658771A74D9C7 /* WatchSessionReceiver.swift */ = {isa = PBXFileReference; lastKnownFileType = sourcecode.swift; path = WatchSessionReceiver.swift; sourceTree = "<group>"; };
		BD98D97E966F4C5A90599E7D /* WatchUITestFixture.swift */ = {isa = PBXFileReference; lastKnownFileType = sourcecode.swift; path = WatchUITestFixture.swift; sourceTree = "<group>"; };
		BE05D0C82802010EDB50433C /* YouTubePodSchemaTests.swift */ = {isa = PBXFileReference; lastKnownFileType = sourcecode.swift; path = YouTubePodSchemaTests.swift; sourceTree = "<group>"; };
		C1F8689FB85CA39851BB9076 /* Assets.xcassets */ = {isa = PBXFileReference; lastKnownFileType = folder.assetcatalog; path = Assets.xcassets; sourceTree = "<group>"; };
		C2274003E6E80DC4643F2A8A /* WatchPeerSyncServiceTests.swift */ = {isa = PBXFileReference; lastKnownFileType = sourcecode.swift; path = WatchPeerSyncServiceTests.swift; sourceTree = "<group>"; };
		C704D2FB611E02F8A46080E0 /* WatchAudioPlayerServiceTests.swift */ = {isa = PBXFileReference; lastKnownFileType = sourcecode.swift; path = WatchAudioPlayerServiceTests.swift; sourceTree = "<group>"; };
		C7B4E37CCE420CE9C726446E /* YouTubeDataClientTests.swift */ = {isa = PBXFileReference; lastKnownFileType = sourcecode.swift; path = YouTubeDataClientTests.swift; sourceTree = "<group>"; };
		C9715E95D88980FDA472036E /* Assets.xcassets */ = {isa = PBXFileReference; lastKnownFileType = folder.assetcatalog; path = Assets.xcassets; sourceTree = "<group>"; };
		CEA647BB029EED6FDB464D65 /* YouTubePodWatchUITests.swift */ = {isa = PBXFileReference; lastKnownFileType = sourcecode.swift; path = YouTubePodWatchUITests.swift; sourceTree = "<group>"; };
		D237A61198EDBECD6200B710 /* PlayerViews.swift */ = {isa = PBXFileReference; lastKnownFileType = sourcecode.swift; path = PlayerViews.swift; sourceTree = "<group>"; };
		D2A5BD79EB6E8B56C2208FD3 /* YouTubePodWatchTests.xctest */ = {isa = PBXFileReference; explicitFileType = wrapper.cfbundle; includeInIndex = 0; path = YouTubePodWatchTests.xctest; sourceTree = BUILT_PRODUCTS_DIR; };
		D4AE588449D9CD2706E58E68 /* DomainModelTests.swift */ = {isa = PBXFileReference; lastKnownFileType = sourcecode.swift; path = DomainModelTests.swift; sourceTree = "<group>"; };
		D4F9ED0423EE5A19C54F5AA4 /* YouTubePodApp.swift */ = {isa = PBXFileReference; lastKnownFileType = sourcecode.swift; path = YouTubePodApp.swift; sourceTree = "<group>"; };
		DB2C2EF35D1511E2E502C271 /* WatchPeerSyncService.swift */ = {isa = PBXFileReference; lastKnownFileType = sourcecode.swift; path = WatchPeerSyncService.swift; sourceTree = "<group>"; };
		DB931541D6182563B3AD665C /* AudioLibraryService.swift */ = {isa = PBXFileReference; lastKnownFileType = sourcecode.swift; path = AudioLibraryService.swift; sourceTree = "<group>"; };
		DDB293A872F8849BC687BE49 /* AudioPlayerServiceTests.swift */ = {isa = PBXFileReference; lastKnownFileType = sourcecode.swift; path = AudioPlayerServiceTests.swift; sourceTree = "<group>"; };
		DE3F9213F2A346F08E0A1B30 /* WCSessionAdapter.swift */ = {isa = PBXFileReference; lastKnownFileType = sourcecode.swift; path = WCSessionAdapter.swift; sourceTree = "<group>"; };
		DEB3B6D6907405BF886AF9F8 /* WatchRootView.swift */ = {isa = PBXFileReference; lastKnownFileType = sourcecode.swift; path = WatchRootView.swift; sourceTree = "<group>"; };
		E11B3E5897A8E9BFCFAC4644 /* AppEnvironment.swift */ = {isa = PBXFileReference; lastKnownFileType = sourcecode.swift; path = AppEnvironment.swift; sourceTree = "<group>"; };
		E3415E82BF252C32367C688E /* YouTubePodWatchUITests.xctest */ = {isa = PBXFileReference; explicitFileType = wrapper.cfbundle; includeInIndex = 0; path = YouTubePodWatchUITests.xctest; sourceTree = BUILT_PRODUCTS_DIR; };
		E6DA897F2BE0AF3C988D3AA1 /* AuthenticationView.swift */ = {isa = PBXFileReference; lastKnownFileType = sourcecode.swift; path = AuthenticationView.swift; sourceTree = "<group>"; };
		EAFCA25E8657AF5E6D7658F7 /* WatchLibraryMetadata.swift */ = {isa = PBXFileReference; lastKnownFileType = sourcecode.swift; path = WatchLibraryMetadata.swift; sourceTree = "<group>"; };
		ECBF84DBA1C1C2CBC63844AA /* HomeView.swift */ = {isa = PBXFileReference; lastKnownFileType = sourcecode.swift; path = HomeView.swift; sourceTree = "<group>"; };
		F21B79C2A27FB9BB14562982 /* WatchNowPlayingView.swift */ = {isa = PBXFileReference; lastKnownFileType = sourcecode.swift; path = WatchNowPlayingView.swift; sourceTree = "<group>"; };
		F6C6BEE7B9304A645EA20567 /* WatchUIPresentation.swift */ = {isa = PBXFileReference; lastKnownFileType = sourcecode.swift; path = WatchUIPresentation.swift; sourceTree = "<group>"; };
		FB54C7DF35A0712AE5967AD2 /* AudioPlayerService.swift */ = {isa = PBXFileReference; lastKnownFileType = sourcecode.swift; path = AudioPlayerService.swift; sourceTree = "<group>"; };
		FB5B605B26858B41FC919F67 /* WatchWCSessionDriver.swift */ = {isa = PBXFileReference; lastKnownFileType = sourcecode.swift; path = WatchWCSessionDriver.swift; sourceTree = "<group>"; };
		FD1CCA0C071673B7CBABD275 /* Python.xcframework */ = {isa = PBXFileReference; lastKnownFileType = wrapper.xcframework; name = Python.xcframework; path = Frameworks/Python.xcframework; sourceTree = "<group>"; };
		FDDC9D496E0AF6B6A209FBEC /* YouTubePodTests.xctest */ = {isa = PBXFileReference; includeInIndex = 0; lastKnownFileType = wrapper.cfbundle; path = YouTubePodTests.xctest; sourceTree = BUILT_PRODUCTS_DIR; };
/* End PBXFileReference section */

/* Begin PBXFrameworksBuildPhase section */
		4878B9A9394CC5FDACC70A56 /* Frameworks */ = {
			isa = PBXFrameworksBuildPhase;
			buildActionMask = 2147483647;
			files = (
				A2393810418281E1BE701D87 /* GoogleSignIn in Frameworks */,
				ACC5D27A53C54B44CB4927B8 /* PythonKit in Frameworks */,
				FED60DFC30C0EBB5BAE7E89F /* Python.xcframework in Frameworks */,
			);
			runOnlyForDeploymentPostprocessing = 0;
		};
/* End PBXFrameworksBuildPhase section */

/* Begin PBXGroup section */
		03B6256627AE1B475A5E838C /* Presentation */ = {
			isa = PBXGroup;
			children = (
				F6C6BEE7B9304A645EA20567 /* WatchUIPresentation.swift */,
			);
			path = Presentation;
			sourceTree = "<group>";
		};
		06A68F2FCE875ED60A974D8F /* Services */ = {
			isa = PBXGroup;
			children = (
				8DBCA5DCCACE334EE470F41A /* WatchAudioLibraryService.swift */,
				6A75FC54A4456C9D87CA197F /* WatchAudioPlayerService.swift */,
				2575879BBB9A819198F22C39 /* WatchAudioValidator.swift */,
				79AD702E28F627326D1D2B00 /* WatchCapacityChecker.swift */,
				8402F71553DB87ACCB2F8D13 /* WatchIncomingFileStager.swift */,
				DB2C2EF35D1511E2E502C271 /* WatchPeerSyncService.swift */,
				BB902880F3D658771A74D9C7 /* WatchSessionReceiver.swift */,
				FB5B605B26858B41FC919F67 /* WatchWCSessionDriver.swift */,
			);
			path = Services;
			sourceTree = "<group>";
		};
		116B1334181B0659BFE2692C /* YouTubePodWatch */ = {
			isa = PBXGroup;
			children = (
				C9715E95D88980FDA472036E /* Assets.xcassets */,
				53BEB435BC9F0BB78274C9A6 /* Info.plist */,
				19994901F44058463351D767 /* PrivacyInfo.xcprivacy */,
				5FC798930D71D3B731FBA658 /* App */,
				92650DCD1982C157508ACF1E /* Debug */,
				E0F00B151C1D41B5CEF9660B /* Domain */,
				03B6256627AE1B475A5E838C /* Presentation */,
				06A68F2FCE875ED60A974D8F /* Services */,
				C320E82C4B7A0A1CA59DAF22 /* Views */,
			);
			path = YouTubePodWatch;
			sourceTree = "<group>";
		};
		1A8310EE7A9F388B709715CB /* Services */ = {
			isa = PBXGroup;
			children = (
				1C7D98D2B88BFB9BAB62327E /* Auth */,
				B9979349C4FCCFB415119A77 /* Catalog */,
				6AAE79F635435BD7C86D7434 /* Download */,
				BA11CAA9E33009A63B53739D /* Extractor */,
				57B5F820C2C4B165BD9FFA10 /* Library */,
				D3829887AF62376CBFE1E897 /* Player */,
				747481D1A4CAAA6313673771 /* Watch */,
			);
			path = Services;
			sourceTree = "<group>";
		};
		1C7D98D2B88BFB9BAB62327E /* Auth */ = {
			isa = PBXGroup;
			children = (
				379E658A1A8E71F6D9B50EEB /* GoogleAuthService.swift */,
			);
			path = Auth;
			sourceTree = "<group>";
		};
		21C2D82165532A0E77A7D761 /* Frameworks */ = {
			isa = PBXGroup;
			children = (
				FD1CCA0C071673B7CBABD275 /* Python.xcframework */,
			);
			name = Frameworks;
			sourceTree = "<group>";
		};
		346764046A213CED608800BB /* YouTubePodWatchTests */ = {
			isa = PBXGroup;
			children = (
				36083239230144DE7DA56E93 /* WatchAudioLibraryServiceTests.swift */,
				C704D2FB611E02F8A46080E0 /* WatchAudioPlayerServiceTests.swift */,
				4F390528FCB670559D4033BE /* WatchAudioValidatorTests.swift */,
				34265591AAEF354E16CF6FC8 /* WatchIncomingFileStagerTests.swift */,
				C2274003E6E80DC4643F2A8A /* WatchPeerSyncServiceTests.swift */,
				85422FE1666FF49BEA4EA0D7 /* WatchSavedAudioModelTests.swift */,
				322893D08CB6846C6B6EA1EB /* WatchSessionReceiverTests.swift */,
				5145060929FDD54F3F5E96D0 /* WatchTransferEnvelopeTests.swift */,
				5B38163D239EF8A7309310F4 /* WatchUIPresentationTests.swift */,
			);
			path = YouTubePodWatchTests;
			sourceTree = "<group>";
		};
		3A09D86278AC3963CAC55260 /* Views */ = {
			isa = PBXGroup;
			children = (
				7088CDCBA218FE36100270DC /* AccountSettingsView.swift */,
				E6DA897F2BE0AF3C988D3AA1 /* AuthenticationView.swift */,
				57C815A832E88BFC47DB83BB /* ChannelVideosView.swift */,
				04C89E86F6F5782E9A0CDBA3 /* DesignSystem.swift */,
				ECBF84DBA1C1C2CBC63844AA /* HomeView.swift */,
				780B899D6BE945278654079B /* LibraryView.swift */,
				D237A61198EDBECD6200B710 /* PlayerViews.swift */,
				3D0D5526A070535A974E9A0A /* RootView.swift */,
				2DEC8820DB6F98C9905112D1 /* SubscriptionsView.swift */,
				A574E735EDFA6630EEDAE4AF /* VideoRowView.swift */,
				2B1E3C6F313B746E334E3EE6 /* WatchTransfersView.swift */,
			);
			path = Views;
			sourceTree = "<group>";
		};
		4323DDD6BB664BB6109E9377 /* YouTubePodTests */ = {
			isa = PBXGroup;
			children = (
				B62C27427695125FCDBF7E4E /* AudioLibraryServiceTests.swift */,
				DDB293A872F8849BC687BE49 /* AudioPlayerServiceTests.swift */,
				49D938277CED715FEDC875BB /* DisplayFormatterTests.swift */,
				D4AE588449D9CD2706E58E68 /* DomainModelTests.swift */,
				0E579C68BB42B0407B7EFC0E /* DownloadManagerTests.swift */,
				501E8811AF44B280943CC212 /* GoogleAuthServiceTests.swift */,
				AABE75B25EA6453DB246E461 /* PhoneWatchTransferServiceTests.swift */,
				280A3139569100EC7C9EF820 /* WatchTransferSnapshotStoreTests.swift */,
				0AB33383412545BD6482A40B /* WCSessionAdapterTests.swift */,
				C7B4E37CCE420CE9C726446E /* YouTubeDataClientTests.swift */,
				BE05D0C82802010EDB50433C /* YouTubePodSchemaTests.swift */,
				044E5B32006034714D27B5C4 /* YouTubeURLParserTests.swift */,
			);
			path = YouTubePodTests;
			sourceTree = "<group>";
		};
		4760598E02A55CE8061694FA /* Config */ = {
			isa = PBXGroup;
			children = (
				5AAC5454886101653737213F /* Base.xcconfig */,
				2BA905913416574B01F245C5 /* Tests.xcconfig */,
				B4C20802795A21434D3930EC /* Watch.xcconfig */,
				4FA90625534B450F0DD07D0C /* WatchTests.xcconfig */,
			);
			path = Config;
			sourceTree = "<group>";
		};
		57B5F820C2C4B165BD9FFA10 /* Library */ = {
			isa = PBXGroup;
			children = (
				DB931541D6182563B3AD665C /* AudioLibraryService.swift */,
			);
			path = Library;
			sourceTree = "<group>";
		};
		5FC798930D71D3B731FBA658 /* App */ = {
			isa = PBXGroup;
			children = (
				8E91D7352EEF484B74069953 /* YouTubePodWatchApp.swift */,
			);
			path = App;
			sourceTree = "<group>";
		};
		6AAE79F635435BD7C86D7434 /* Download */ = {
			isa = PBXGroup;
			children = (
				39ADADD4657193B814674447 /* DownloadManager.swift */,
			);
			path = Download;
			sourceTree = "<group>";
		};
		747481D1A4CAAA6313673771 /* Watch */ = {
			isa = PBXGroup;
			children = (
				6D7C4B92010911A4AF7900CB /* PhoneWatchTransferService.swift */,
				9F544B05966EAC4ED38433C6 /* PhoneWCSessionDriver.swift */,
				812A408ED31A4B5EC3381241 /* WatchConnectivityTransport.swift */,
				8A64D58C6920F8641413D02D /* WatchTransferSnapshotStore.swift */,
				DE3F9213F2A346F08E0A1B30 /* WCSessionAdapter.swift */,
			);
			path = Watch;
			sourceTree = "<group>";
		};
		8F5348E1B09F42BCF7934A4B /* App */ = {
			isa = PBXGroup;
			children = (
				E11B3E5897A8E9BFCFAC4644 /* AppEnvironment.swift */,
				D4F9ED0423EE5A19C54F5AA4 /* YouTubePodApp.swift */,
			);
			path = App;
			sourceTree = "<group>";
		};
		92650DCD1982C157508ACF1E /* Debug */ = {
			isa = PBXGroup;
			children = (
				BD98D97E966F4C5A90599E7D /* WatchUITestFixture.swift */,
			);
			path = Debug;
			sourceTree = "<group>";
		};
		B29F80A735EE90D6FD941D99 /* Shared */ = {
			isa = PBXGroup;
			children = (
				B216C3319F37562AA2866922 /* WatchTransferEnvelope.swift */,
			);
			path = Shared;
			sourceTree = "<group>";
		};
		B9979349C4FCCFB415119A77 /* Catalog */ = {
			isa = PBXGroup;
			children = (
				A4EAAA2AB960EA1DB4F54716 /* YouTubeDataClient.swift */,
			);
			path = Catalog;
			sourceTree = "<group>";
		};
		BA11CAA9E33009A63B53739D /* Extractor */ = {
			isa = PBXGroup;
			children = (
				1BAE31885609C3FC49F159A8 /* PythonAudioExtractor.swift */,
			);
			path = Extractor;
			sourceTree = "<group>";
		};
		C320E82C4B7A0A1CA59DAF22 /* Views */ = {
			isa = PBXGroup;
			children = (
				0BE7F0247E335E795C23A65F /* WatchLibraryRow.swift */,
				F21B79C2A27FB9BB14562982 /* WatchNowPlayingView.swift */,
				DEB3B6D6907405BF886AF9F8 /* WatchRootView.swift */,
			);
			path = Views;
			sourceTree = "<group>";
		};
		CD82DE6C1C4E70D193C3BC35 = {
			isa = PBXGroup;
			children = (
				4760598E02A55CE8061694FA /* Config */,
				B29F80A735EE90D6FD941D99 /* Shared */,
				F7226C4AD9643CC8FAB04709 /* YouTubePod */,
				4323DDD6BB664BB6109E9377 /* YouTubePodTests */,
				116B1334181B0659BFE2692C /* YouTubePodWatch */,
				346764046A213CED608800BB /* YouTubePodWatchTests */,
				FDF08325CF630C5C795C8DF3 /* YouTubePodWatchUITests */,
				21C2D82165532A0E77A7D761 /* Frameworks */,
				CF0C0A56FFDA6509E36C1CB6 /* Products */,
			);
			sourceTree = "<group>";
		};
		CF0C0A56FFDA6509E36C1CB6 /* Products */ = {
			isa = PBXGroup;
			children = (
				ADB3BE4D8D83E2789E3335C8 /* YouTubePod.app */,
				FDDC9D496E0AF6B6A209FBEC /* YouTubePodTests.xctest */,
				696DF6F1B56DDB6CBE2046D2 /* YouTubePodWatch.app */,
				D2A5BD79EB6E8B56C2208FD3 /* YouTubePodWatchTests.xctest */,
				E3415E82BF252C32367C688E /* YouTubePodWatchUITests.xctest */,
			);
			name = Products;
			sourceTree = "<group>";
		};
		D3829887AF62376CBFE1E897 /* Player */ = {
			isa = PBXGroup;
			children = (
				FB54C7DF35A0712AE5967AD2 /* AudioPlayerService.swift */,
			);
			path = Player;
			sourceTree = "<group>";
		};
		DF62E33A1228BC2E0C84E870 /* Domain */ = {
			isa = PBXGroup;
			children = (
				0FE522626BB6242CB4413740 /* Models.swift */,
				9DFF1F879337E77441B90173 /* Protocols.swift */,
				70AD9BC35E4D93F03DB65200 /* WatchTransferRecord.swift */,
			);
			path = Domain;
			sourceTree = "<group>";
		};
		E0F00B151C1D41B5CEF9660B /* Domain */ = {
			isa = PBXGroup;
			children = (
				864CEFF9A714A10365F38E4B /* WatchDeletionTombstone.swift */,
				EAFCA25E8657AF5E6D7658F7 /* WatchLibraryMetadata.swift */,
				86294F9298410FB08E53361E /* WatchPendingAcknowledgement.swift */,
				930332A1947C550BC84D1711 /* WatchSavedAudio.swift */,
			);
			path = Domain;
			sourceTree = "<group>";
		};
		E13E76B0F603362C4DDCA74D /* Utilities */ = {
			isa = PBXGroup;
			children = (
				8461593F7ABB3843AEDA6BC3 /* Formatting.swift */,
			);
			path = Utilities;
			sourceTree = "<group>";
		};
		F7226C4AD9643CC8FAB04709 /* YouTubePod */ = {
			isa = PBXGroup;
			children = (
				C1F8689FB85CA39851BB9076 /* Assets.xcassets */,
				776B3C239D404D1E559344E2 /* Info.plist */,
				4DF59C5505D063828FBE7CEC /* PrivacyInfo.xcprivacy */,
				4A161B732F2924D0196A1B91 /* YouTubePod.entitlements */,
				8F5348E1B09F42BCF7934A4B /* App */,
				DF62E33A1228BC2E0C84E870 /* Domain */,
				1A8310EE7A9F388B709715CB /* Services */,
				E13E76B0F603362C4DDCA74D /* Utilities */,
				3A09D86278AC3963CAC55260 /* Views */,
			);
			path = YouTubePod;
			sourceTree = "<group>";
		};
		FDF08325CF630C5C795C8DF3 /* YouTubePodWatchUITests */ = {
			isa = PBXGroup;
			children = (
				CEA647BB029EED6FDB464D65 /* YouTubePodWatchUITests.swift */,
			);
			path = YouTubePodWatchUITests;
			sourceTree = "<group>";
		};
/* End PBXGroup section */

/* Begin PBXNativeTarget section */
		0496D2260FDEB66F546DA267 /* YouTubePod */ = {
			isa = PBXNativeTarget;
			buildConfigurationList = 033AEA8C68ED3C970A3BBC6D /* Build configuration list for PBXNativeTarget "YouTubePod" */;
			buildPhases = (
				C52937A6D76ECA6FA81FDDE8 /* Sources */,
				5E48FCF9FC39C212F916F026 /* Resources */,
				4878B9A9394CC5FDACC70A56 /* Frameworks */,
				6F09FECA71F0AE36AEBDC457 /* Embed Frameworks */,
				0A421D6FD4A5C42DBF221F31 /* Embed Watch Content */,
				F5470F93B3CF7FE9E8179EE6 /* Install bundled Python runtime */,
			);
			buildRules = (
			);
			dependencies = (
				442F76F56462A9AB98018CAA /* PBXTargetDependency */,
			);
			name = YouTubePod;
			packageProductDependencies = (
				3126F004EBF7CC0BD524E7EA /* GoogleSignIn */,
				DFF017077966D2CCA9C43966 /* PythonKit */,
			);
			productName = YouTubePod;
			productReference = ADB3BE4D8D83E2789E3335C8 /* YouTubePod.app */;
			productType = "com.apple.product-type.application";
		};
		4C9681959320E2E0597AE839 /* YouTubePodWatchUITests */ = {
			isa = PBXNativeTarget;
			buildConfigurationList = 206F004FFAC4540CCB32B855 /* Build configuration list for PBXNativeTarget "YouTubePodWatchUITests" */;
			buildPhases = (
				C476CEC37A343CAC8F546954 /* Sources */,
			);
			buildRules = (
			);
			dependencies = (
				536F24CCB1CC6E5363F5FA87 /* PBXTargetDependency */,
			);
			name = YouTubePodWatchUITests;
			packageProductDependencies = (
			);
			productName = YouTubePodWatchUITests;
			productReference = E3415E82BF252C32367C688E /* YouTubePodWatchUITests.xctest */;
			productType = "com.apple.product-type.bundle.ui-testing";
		};
		50D0A5B69E17A901984F6B94 /* YouTubePodWatchTests */ = {
			isa = PBXNativeTarget;
			buildConfigurationList = 753D87C66854916032B0251A /* Build configuration list for PBXNativeTarget "YouTubePodWatchTests" */;
			buildPhases = (
				3328CB516BE2ED3E2AD47387 /* Sources */,
			);
			buildRules = (
			);
			dependencies = (
				349E35255AB431F0BDC7B7F4 /* PBXTargetDependency */,
			);
			name = YouTubePodWatchTests;
			packageProductDependencies = (
			);
			productName = YouTubePodWatchTests;
			productReference = D2A5BD79EB6E8B56C2208FD3 /* YouTubePodWatchTests.xctest */;
			productType = "com.apple.product-type.bundle.unit-test";
		};
		B2EB251D1E4305FE64248A2F /* YouTubePodTests */ = {
			isa = PBXNativeTarget;
			buildConfigurationList = A8E42F30301139B9EBA75431 /* Build configuration list for PBXNativeTarget "YouTubePodTests" */;
			buildPhases = (
				F49045D9A12FA0AB9396D1D8 /* Sources */,
			);
			buildRules = (
			);
			dependencies = (
				60F9C9C1DB2ACEB680F5C276 /* PBXTargetDependency */,
			);
			name = YouTubePodTests;
			packageProductDependencies = (
			);
			productName = YouTubePodTests;
			productReference = FDDC9D496E0AF6B6A209FBEC /* YouTubePodTests.xctest */;
			productType = "com.apple.product-type.bundle.unit-test";
		};
		D34F35C565B9DB9030D82187 /* YouTubePodWatch */ = {
			isa = PBXNativeTarget;
			buildConfigurationList = D7DBC8F76045B4DFA3CA0F2D /* Build configuration list for PBXNativeTarget "YouTubePodWatch" */;
			buildPhases = (
				5F7397B3A6839687C06C4EA0 /* Sources */,
				22A6EE6018CCB1B2F53967C9 /* Resources */,
			);
			buildRules = (
			);
			dependencies = (
			);
			name = YouTubePodWatch;
			packageProductDependencies = (
			);
			productName = YouTubePodWatch;
			productReference = 696DF6F1B56DDB6CBE2046D2 /* YouTubePodWatch.app */;
			productType = "com.apple.product-type.application";
		};
/* End PBXNativeTarget section */

/* Begin PBXProject section */
		381E82668A24B77249B4322C /* Project object */ = {
			isa = PBXProject;
			attributes = {
				BuildIndependentTargetsInParallel = YES;
				LastUpgradeCheck = 2700;
				TargetAttributes = {
					0496D2260FDEB66F546DA267 = {
						DevelopmentTeam = "";
					};
					4C9681959320E2E0597AE839 = {
						TestTargetID = D34F35C565B9DB9030D82187;
					};
				};
			};
			buildConfigurationList = DDCC49375F54A9B0D59A0D2F /* Build configuration list for PBXProject "YouTubePod" */;
			developmentRegion = en;
			hasScannedForEncodings = 0;
			knownRegions = (
				Base,
				en,
			);
			mainGroup = CD82DE6C1C4E70D193C3BC35;
			minimizedProjectReferenceProxies = 1;
			packageReferences = (
				F8FF10432B54F05F6976EC9C /* XCRemoteSwiftPackageReference "GoogleSignIn-iOS" */,
				ECD3A50FBB221DD07641C32F /* XCRemoteSwiftPackageReference "PythonKit" */,
			);
			preferredProjectObjectVersion = 77;
			productRefGroup = CF0C0A56FFDA6509E36C1CB6 /* Products */;
			projectDirPath = "";
			projectRoot = "";
			targets = (
				D34F35C565B9DB9030D82187 /* YouTubePodWatch */,
				0496D2260FDEB66F546DA267 /* YouTubePod */,
				B2EB251D1E4305FE64248A2F /* YouTubePodTests */,
				50D0A5B69E17A901984F6B94 /* YouTubePodWatchTests */,
				4C9681959320E2E0597AE839 /* YouTubePodWatchUITests */,
			);
		};
/* End PBXProject section */

/* Begin PBXResourcesBuildPhase section */
		22A6EE6018CCB1B2F53967C9 /* Resources */ = {
			isa = PBXResourcesBuildPhase;
			buildActionMask = 2147483647;
			files = (
				BBFDF51D4543BCF607D478DD /* Assets.xcassets in Resources */,
				6F20BC930C27655C4A883247 /* PrivacyInfo.xcprivacy in Resources */,
			);
			runOnlyForDeploymentPostprocessing = 0;
		};
		5E48FCF9FC39C212F916F026 /* Resources */ = {
			isa = PBXResourcesBuildPhase;
			buildActionMask = 2147483647;
			files = (
				5004E8C5E19457E0109DBDA5 /* Assets.xcassets in Resources */,
				160824C2143A76520454A4D1 /* PrivacyInfo.xcprivacy in Resources */,
			);
			runOnlyForDeploymentPostprocessing = 0;
		};
/* End PBXResourcesBuildPhase section */

/* Begin PBXShellScriptBuildPhase section */
		F5470F93B3CF7FE9E8179EE6 /* Install bundled Python runtime */ = {
			isa = PBXShellScriptBuildPhase;
			alwaysOutOfDate = 1;
			buildActionMask = 2147483647;
			files = (
			);
			inputFileListPaths = (
			);
			inputPaths = (
			);
			name = "Install bundled Python runtime";
			outputFileListPaths = (
			);
			outputPaths = (
			);
			runOnlyForDeploymentPostprocessing = 0;
			shellPath = /bin/sh;
			shellScript = "set -e\nif [ ! -d \"$PROJECT_DIR/Frameworks/Python.xcframework\" ]; then\n  echo \"error: Run ./scripts/bootstrap.sh before building.\"\n  exit 1\nfi\nmkdir -p \"$CODESIGNING_FOLDER_PATH/PythonRuntime\"\ncp \"$PROJECT_DIR/PythonRuntime/download_audio.py\" \"$CODESIGNING_FOLDER_PATH/PythonRuntime/download_audio.py\"\nmkdir -p \"$CODESIGNING_FOLDER_PATH/python-packages\"\nrsync -au --delete \"$PROJECT_DIR/PythonRuntime/site-packages/\" \"$CODESIGNING_FOLDER_PATH/python-packages/\"\nif [ -z \"${EXPANDED_CODE_SIGN_IDENTITY:-}\" ]; then\n  export EXPANDED_CODE_SIGN_IDENTITY=\"-\"\n  export EXPANDED_CODE_SIGN_IDENTITY_NAME=\"Ad Hoc\"\nfi\nsource \"$PROJECT_DIR/Frameworks/Python.xcframework/build/utils.sh\"\ninstall_python Frameworks/Python.xcframework python-packages\n";
		};
/* End PBXShellScriptBuildPhase section */

/* Begin PBXSourcesBuildPhase section */
		3328CB516BE2ED3E2AD47387 /* Sources */ = {
			isa = PBXSourcesBuildPhase;
			buildActionMask = 2147483647;
			files = (
				60DB56C78ECD54D0655E0082 /* WatchAudioLibraryServiceTests.swift in Sources */,
				4ACEDE59D6638723C0FE1515 /* WatchAudioPlayerServiceTests.swift in Sources */,
				01832637F4B6623D057A7B8A /* WatchAudioValidatorTests.swift in Sources */,
				8EEA384377E426E0DBC1E98C /* WatchIncomingFileStagerTests.swift in Sources */,
				F51F69E595A3D5C8C6DDAD5C /* WatchPeerSyncServiceTests.swift in Sources */,
				6714AA556D6B8C0D5B64FDCF /* WatchSavedAudioModelTests.swift in Sources */,
				79701270A23881DED6DFCC1A /* WatchSessionReceiverTests.swift in Sources */,
				04FB81BCBFB6ED9A82246EE8 /* WatchTransferEnvelopeTests.swift in Sources */,
				85B3EB956743261DFBF0A56B /* WatchUIPresentationTests.swift in Sources */,
			);
			runOnlyForDeploymentPostprocessing = 0;
		};
		5F7397B3A6839687C06C4EA0 /* Sources */ = {
			isa = PBXSourcesBuildPhase;
			buildActionMask = 2147483647;
			files = (
				80CEC619F47B5014C92DFD3A /* WatchAudioLibraryService.swift in Sources */,
				C743B3A84596927082E2437F /* WatchAudioPlayerService.swift in Sources */,
				42AE5AE52EF11D01435CE581 /* WatchAudioValidator.swift in Sources */,
				164289CF4085781ACED0DBFD /* WatchCapacityChecker.swift in Sources */,
				7A6B19FA451480C1EC5B6128 /* WatchDeletionTombstone.swift in Sources */,
				FB2CFB66624064D140EA0A85 /* WatchIncomingFileStager.swift in Sources */,
				805659ACCFF09E7C66C3BB05 /* WatchLibraryMetadata.swift in Sources */,
				3425BFD1126608EBEA35C512 /* WatchLibraryRow.swift in Sources */,
				07F098B065FA890B601392B7 /* WatchNowPlayingView.swift in Sources */,
				9B0D795939E96EFA965880A1 /* WatchPeerSyncService.swift in Sources */,
				55736CDD9DB7E35DEA5CFCF4 /* WatchPendingAcknowledgement.swift in Sources */,
				6BB2F94A12A491757926E063 /* WatchRootView.swift in Sources */,
				4EC921A8D181478022C12A9E /* WatchSavedAudio.swift in Sources */,
				986DAE8E2AFB7AA426645274 /* WatchSessionReceiver.swift in Sources */,
				779762809D5765754F692BAD /* WatchTransferEnvelope.swift in Sources */,
				68BC812623FA2D1E285CC6E3 /* WatchUIPresentation.swift in Sources */,
				4A39DE5ACF2D927F16C2626B /* WatchUITestFixture.swift in Sources */,
				45AA57D045F57EE8CCCBC40F /* WatchWCSessionDriver.swift in Sources */,
				9181DDE6816B67E58936F59A /* YouTubePodWatchApp.swift in Sources */,
			);
			runOnlyForDeploymentPostprocessing = 0;
		};
		C476CEC37A343CAC8F546954 /* Sources */ = {
			isa = PBXSourcesBuildPhase;
			buildActionMask = 2147483647;
			files = (
				6FEEB0C05E4696A1F83A193E /* YouTubePodWatchUITests.swift in Sources */,
			);
			runOnlyForDeploymentPostprocessing = 0;
		};
		C52937A6D76ECA6FA81FDDE8 /* Sources */ = {
			isa = PBXSourcesBuildPhase;
			buildActionMask = 2147483647;
			files = (
				35F4176E804486C8FFEA1521 /* AccountSettingsView.swift in Sources */,
				8986B709E74E6CA7908A8366 /* AppEnvironment.swift in Sources */,
				A1A458D5B63BBF30FF9EC3BC /* AudioLibraryService.swift in Sources */,
				BB160DCF0675031209AFCE8C /* AudioPlayerService.swift in Sources */,
				7FB71B1C906A802B9D024221 /* AuthenticationView.swift in Sources */,
				D22BD9FDB1306356F3133E1A /* ChannelVideosView.swift in Sources */,
				0A1A05E4C5AF5BE2F42EEE35 /* DesignSystem.swift in Sources */,
				A4C223822128543233B93DA5 /* DownloadManager.swift in Sources */,
				D237F1C3E37558AA38CE4871 /* Formatting.swift in Sources */,
				E24FA4944E552E20D89EF859 /* GoogleAuthService.swift in Sources */,
				258671AADEF9343C818246D9 /* HomeView.swift in Sources */,
				7C557EFC7D26B7539054F3FF /* LibraryView.swift in Sources */,
				CF4BBF83C46A1F726C42C400 /* Models.swift in Sources */,
				29AC2C41367C099C2BD4B4BC /* PhoneWCSessionDriver.swift in Sources */,
				4C2B0DDDF55E35137B3EE46D /* PhoneWatchTransferService.swift in Sources */,
				58CC34D99EE70EDE763B7ABE /* PlayerViews.swift in Sources */,
				14E6FB9DE80532300BD55461 /* Protocols.swift in Sources */,
				CFBE6E13D463DF6460DD4238 /* PythonAudioExtractor.swift in Sources */,
				2D3A5A4992970B649940D77F /* RootView.swift in Sources */,
				233530C72F9679D4A70EAF7C /* SubscriptionsView.swift in Sources */,
				3B240296E21020FC8807F61C /* VideoRowView.swift in Sources */,
				AB5D836175C5A812F815937D /* WCSessionAdapter.swift in Sources */,
				3F8B56EFF8C2FD09703EE794 /* WatchConnectivityTransport.swift in Sources */,
				602EFFBAE7489C7DA9AE25E3 /* WatchTransferEnvelope.swift in Sources */,
				267277CF39523093EA184D28 /* WatchTransferRecord.swift in Sources */,
				C08E490BB721CF9680D5D856 /* WatchTransferSnapshotStore.swift in Sources */,
				794AD94AD44A15F07C81C8FD /* WatchTransfersView.swift in Sources */,
				C1A88362BEF934AE3CEA5CD7 /* YouTubeDataClient.swift in Sources */,
				9D4143519ED0BFD340DBF7B4 /* YouTubePodApp.swift in Sources */,
			);
			runOnlyForDeploymentPostprocessing = 0;
		};
		F49045D9A12FA0AB9396D1D8 /* Sources */ = {
			isa = PBXSourcesBuildPhase;
			buildActionMask = 2147483647;
			files = (
				C423ABD974401A51DB301229 /* AudioLibraryServiceTests.swift in Sources */,
				FA8F9A25A3AC6EA259D7B799 /* AudioPlayerServiceTests.swift in Sources */,
				9F8C9152F861B94AE9C4DAB0 /* DisplayFormatterTests.swift in Sources */,
				F80C5EA6DB744FB9DFA01821 /* DomainModelTests.swift in Sources */,
				A790A44F5FF630C0F039F724 /* DownloadManagerTests.swift in Sources */,
				33A53FEA32B8C9C824EE6735 /* GoogleAuthServiceTests.swift in Sources */,
				53B2D2DB2BD65E419FF34F62 /* PhoneWatchTransferServiceTests.swift in Sources */,
				8E17B6D611F7E10AF3BC9BEB /* WCSessionAdapterTests.swift in Sources */,
				A6FD4DA4F98351D3F3B52F58 /* WatchTransferSnapshotStoreTests.swift in Sources */,
				7B76EAB0602D03F3C98FA873 /* YouTubeDataClientTests.swift in Sources */,
				FEC5F56EE6896FDC7E40E27A /* YouTubePodSchemaTests.swift in Sources */,
				49663BDEFEBD7319E409C0F2 /* YouTubeURLParserTests.swift in Sources */,
			);
			runOnlyForDeploymentPostprocessing = 0;
		};
/* End PBXSourcesBuildPhase section */

/* Begin PBXTargetDependency section */
		349E35255AB431F0BDC7B7F4 /* PBXTargetDependency */ = {
			isa = PBXTargetDependency;
			target = D34F35C565B9DB9030D82187 /* YouTubePodWatch */;
			targetProxy = E37BA28C1FE70C254A37C000 /* PBXContainerItemProxy */;
		};
		442F76F56462A9AB98018CAA /* PBXTargetDependency */ = {
			isa = PBXTargetDependency;
			target = D34F35C565B9DB9030D82187 /* YouTubePodWatch */;
			targetProxy = A1C13549019490DC016BCEBE /* PBXContainerItemProxy */;
		};
		536F24CCB1CC6E5363F5FA87 /* PBXTargetDependency */ = {
			isa = PBXTargetDependency;
			target = D34F35C565B9DB9030D82187 /* YouTubePodWatch */;
			targetProxy = BB94F6B853F089313AA55EFF /* PBXContainerItemProxy */;
		};
		60F9C9C1DB2ACEB680F5C276 /* PBXTargetDependency */ = {
			isa = PBXTargetDependency;
			target = 0496D2260FDEB66F546DA267 /* YouTubePod */;
			targetProxy = 3A72E5738D832953F0CF7DC0 /* PBXContainerItemProxy */;
		};
/* End PBXTargetDependency section */

/* Begin XCBuildConfiguration section */
		2217B078DA99147F0301383E /* Release */ = {
			isa = XCBuildConfiguration;
			baseConfigurationReference = 2BA905913416574B01F245C5 /* Tests.xcconfig */;
			buildSettings = {
				BUNDLE_LOADER = "$(TEST_HOST)";
				"EXCLUDED_ARCHS[sdk=iphonesimulator*]" = x86_64;
				GENERATE_INFOPLIST_FILE = YES;
				LD_RUNPATH_SEARCH_PATHS = (
					"$(inherited)",
					"@executable_path/Frameworks",
					"@loader_path/Frameworks",
				);
				SDKROOT = iphoneos;
				SWIFT_VERSION = 6.0;
				TARGETED_DEVICE_FAMILY = "1,2";
				TEST_HOST = "$(BUILT_PRODUCTS_DIR)/YouTubePod.app/YouTubePod";
			};
			name = Release;
		};
		321FD369D697AB87D30C69EF /* Release */ = {
			isa = XCBuildConfiguration;
			buildSettings = {
				BUNDLE_LOADER = "$(TEST_HOST)";
				GENERATE_INFOPLIST_FILE = YES;
				LD_RUNPATH_SEARCH_PATHS = (
					"$(inherited)",
					"@executable_path/Frameworks",
					"@loader_path/Frameworks",
				);
				PRODUCT_BUNDLE_IDENTIFIER = com.rimtty.YouTubePodWatchUITests;
				SDKROOT = watchos;
				SKIP_INSTALL = YES;
				SWIFT_VERSION = 6.0;
				TARGETED_DEVICE_FAMILY = 4;
				TEST_TARGET_NAME = YouTubePodWatch;
			};
			name = Release;
		};
		8C1C0AE555C769984BC68840 /* Debug */ = {
			isa = XCBuildConfiguration;
			buildSettings = {
				ALWAYS_SEARCH_USER_PATHS = NO;
				CLANG_ANALYZER_NONNULL = YES;
				CLANG_ANALYZER_NUMBER_OBJECT_CONVERSION = YES_AGGRESSIVE;
				CLANG_CXX_LANGUAGE_STANDARD = "gnu++14";
				CLANG_CXX_LIBRARY = "libc++";
				CLANG_ENABLE_MODULES = YES;
				CLANG_ENABLE_OBJC_ARC = YES;
				CLANG_ENABLE_OBJC_WEAK = YES;
				CLANG_WARN_BLOCK_CAPTURE_AUTORELEASING = YES;
				CLANG_WARN_BOOL_CONVERSION = YES;
				CLANG_WARN_COMMA = YES;
				CLANG_WARN_CONSTANT_CONVERSION = YES;
				CLANG_WARN_DEPRECATED_OBJC_IMPLEMENTATIONS = YES;
				CLANG_WARN_DIRECT_OBJC_ISA_USAGE = YES_ERROR;
				CLANG_WARN_DOCUMENTATION_COMMENTS = YES;
				CLANG_WARN_EMPTY_BODY = YES;
				CLANG_WARN_ENUM_CONVERSION = YES;
				CLANG_WARN_INFINITE_RECURSION = YES;
				CLANG_WARN_INT_CONVERSION = YES;
				CLANG_WARN_NON_LITERAL_NULL_CONVERSION = YES;
				CLANG_WARN_OBJC_IMPLICIT_RETAIN_SELF = YES;
				CLANG_WARN_OBJC_LITERAL_CONVERSION = YES;
				CLANG_WARN_OBJC_ROOT_CLASS = YES_ERROR;
				CLANG_WARN_QUOTED_INCLUDE_IN_FRAMEWORK_HEADER = YES;
				CLANG_WARN_RANGE_LOOP_ANALYSIS = YES;
				CLANG_WARN_STRICT_PROTOTYPES = YES;
				CLANG_WARN_SUSPICIOUS_MOVE = YES;
				CLANG_WARN_UNGUARDED_AVAILABILITY = YES_AGGRESSIVE;
				CLANG_WARN_UNREACHABLE_CODE = YES;
				CLANG_WARN__DUPLICATE_METHOD_MATCH = YES;
				COPY_PHASE_STRIP = NO;
				DEBUG_INFORMATION_FORMAT = dwarf;
				ENABLE_STRICT_OBJC_MSGSEND = YES;
				ENABLE_TESTABILITY = YES;
				GCC_C_LANGUAGE_STANDARD = gnu11;
				GCC_DYNAMIC_NO_PIC = NO;
				GCC_NO_COMMON_BLOCKS = YES;
				GCC_OPTIMIZATION_LEVEL = 0;
				GCC_PREPROCESSOR_DEFINITIONS = (
					"$(inherited)",
					"DEBUG=1",
				);
				GCC_WARN_64_TO_32_BIT_CONVERSION = YES;
				GCC_WARN_ABOUT_RETURN_TYPE = YES_ERROR;
				GCC_WARN_UNDECLARED_SELECTOR = YES;
				GCC_WARN_UNINITIALIZED_AUTOS = YES_AGGRESSIVE;
				GCC_WARN_UNUSED_FUNCTION = YES;
				GCC_WARN_UNUSED_VARIABLE = YES;
				IPHONEOS_DEPLOYMENT_TARGET = 27.0;
				MTL_ENABLE_DEBUG_INFO = INCLUDE_SOURCE;
				MTL_FAST_MATH = YES;
				ONLY_ACTIVE_ARCH = YES;
				PRODUCT_NAME = "$(TARGET_NAME)";
				SWIFT_ACTIVE_COMPILATION_CONDITIONS = DEBUG;
				SWIFT_OPTIMIZATION_LEVEL = "-Onone";
				SWIFT_VERSION = 5.0;
				WATCHOS_DEPLOYMENT_TARGET = 26.0;
			};
			name = Debug;
		};
		9D84F4A97050D50C953E85C4 /* Release */ = {
			isa = XCBuildConfiguration;
			buildSettings = {
				ALWAYS_SEARCH_USER_PATHS = NO;
				CLANG_ANALYZER_NONNULL = YES;
				CLANG_ANALYZER_NUMBER_OBJECT_CONVERSION = YES_AGGRESSIVE;
				CLANG_CXX_LANGUAGE_STANDARD = "gnu++14";
				CLANG_CXX_LIBRARY = "libc++";
				CLANG_ENABLE_MODULES = YES;
				CLANG_ENABLE_OBJC_ARC = YES;
				CLANG_ENABLE_OBJC_WEAK = YES;
				CLANG_WARN_BLOCK_CAPTURE_AUTORELEASING = YES;
				CLANG_WARN_BOOL_CONVERSION = YES;
				CLANG_WARN_COMMA = YES;
				CLANG_WARN_CONSTANT_CONVERSION = YES;
				CLANG_WARN_DEPRECATED_OBJC_IMPLEMENTATIONS = YES;
				CLANG_WARN_DIRECT_OBJC_ISA_USAGE = YES_ERROR;
				CLANG_WARN_DOCUMENTATION_COMMENTS = YES;
				CLANG_WARN_EMPTY_BODY = YES;
				CLANG_WARN_ENUM_CONVERSION = YES;
				CLANG_WARN_INFINITE_RECURSION = YES;
				CLANG_WARN_INT_CONVERSION = YES;
				CLANG_WARN_NON_LITERAL_NULL_CONVERSION = YES;
				CLANG_WARN_OBJC_IMPLICIT_RETAIN_SELF = YES;
				CLANG_WARN_OBJC_LITERAL_CONVERSION = YES;
				CLANG_WARN_OBJC_ROOT_CLASS = YES_ERROR;
				CLANG_WARN_QUOTED_INCLUDE_IN_FRAMEWORK_HEADER = YES;
				CLANG_WARN_RANGE_LOOP_ANALYSIS = YES;
				CLANG_WARN_STRICT_PROTOTYPES = YES;
				CLANG_WARN_SUSPICIOUS_MOVE = YES;
				CLANG_WARN_UNGUARDED_AVAILABILITY = YES_AGGRESSIVE;
				CLANG_WARN_UNREACHABLE_CODE = YES;
				CLANG_WARN__DUPLICATE_METHOD_MATCH = YES;
				COPY_PHASE_STRIP = NO;
				DEBUG_INFORMATION_FORMAT = "dwarf-with-dsym";
				ENABLE_NS_ASSERTIONS = NO;
				ENABLE_STRICT_OBJC_MSGSEND = YES;
				GCC_C_LANGUAGE_STANDARD = gnu11;
				GCC_NO_COMMON_BLOCKS = YES;
				GCC_WARN_64_TO_32_BIT_CONVERSION = YES;
				GCC_WARN_ABOUT_RETURN_TYPE = YES_ERROR;
				GCC_WARN_UNDECLARED_SELECTOR = YES;
				GCC_WARN_UNINITIALIZED_AUTOS = YES_AGGRESSIVE;
				GCC_WARN_UNUSED_FUNCTION = YES;
				GCC_WARN_UNUSED_VARIABLE = YES;
				IPHONEOS_DEPLOYMENT_TARGET = 27.0;
				MTL_ENABLE_DEBUG_INFO = NO;
				MTL_FAST_MATH = YES;
				PRODUCT_NAME = "$(TARGET_NAME)";
				SWIFT_COMPILATION_MODE = wholemodule;
				SWIFT_OPTIMIZATION_LEVEL = "-O";
				SWIFT_VERSION = 5.0;
				WATCHOS_DEPLOYMENT_TARGET = 26.0;
			};
			name = Release;
		};
		AD4F49A35303C3C2F6E8165C /* Debug */ = {
			isa = XCBuildConfiguration;
			baseConfigurationReference = 5AAC5454886101653737213F /* Base.xcconfig */;
			buildSettings = {
				ASSETCATALOG_COMPILER_APPICON_NAME = AppIcon;
				ASSETCATALOG_COMPILER_GENERATE_SWIFT_ASSET_SYMBOL_EXTENSIONS = YES;
				CODE_SIGN_ENTITLEMENTS = YouTubePod/YouTubePod.entitlements;
				CODE_SIGN_IDENTITY = "iPhone Developer";
				CURRENT_PROJECT_VERSION = 1;
				ENABLE_USER_SCRIPT_SANDBOXING = NO;
				"EXCLUDED_ARCHS[sdk=iphonesimulator*]" = x86_64;
				FRAMEWORK_SEARCH_PATHS = (
					"$(inherited)",
					"\"Frameworks\"",
				);
				GENERATE_INFOPLIST_FILE = NO;
				INFOPLIST_FILE = YouTubePod/Info.plist;
				LD_RUNPATH_SEARCH_PATHS = (
					"$(inherited)",
					"@executable_path/Frameworks",
				);
				MARKETING_VERSION = 0.1.0;
				OTHER_LDFLAGS = "$(inherited) -all_load";
				PRODUCT_NAME = YouTubePod;
				SDKROOT = iphoneos;
				SUPPORTS_MACCATALYST = NO;
				SWIFT_VERSION = 6.0;
				TARGETED_DEVICE_FAMILY = 1;
			};
			name = Debug;
		};
		C4523A06E725D597A4A7F71C /* Release */ = {
			isa = XCBuildConfiguration;
			baseConfigurationReference = B4C20802795A21434D3930EC /* Watch.xcconfig */;
			buildSettings = {
				ASSETCATALOG_COMPILER_APPICON_NAME = AppIcon;
				CURRENT_PROJECT_VERSION = 1;
				GENERATE_INFOPLIST_FILE = NO;
				INFOPLIST_FILE = YouTubePodWatch/Info.plist;
				MARKETING_VERSION = 0.1.0;
				PRODUCT_BUNDLE_IDENTIFIER = com.rimtty.YouTubePod.watchkitapp;
				PRODUCT_NAME = YouTubePodWatch;
				SDKROOT = watchos;
				SKIP_INSTALL = YES;
				SUPPORTS_MACCATALYST = NO;
				SWIFT_VERSION = 6.0;
				TARGETED_DEVICE_FAMILY = 4;
			};
			name = Release;
		};
		CBC1B706756226F063AA1A35 /* Release */ = {
			isa = XCBuildConfiguration;
			baseConfigurationReference = 4FA90625534B450F0DD07D0C /* WatchTests.xcconfig */;
			buildSettings = {
				BUNDLE_LOADER = "$(TEST_HOST)";
				GENERATE_INFOPLIST_FILE = YES;
				LD_RUNPATH_SEARCH_PATHS = (
					"$(inherited)",
					"@executable_path/Frameworks",
					"@loader_path/Frameworks",
				);
				SDKROOT = watchos;
				SKIP_INSTALL = YES;
				SWIFT_VERSION = 6.0;
				TARGETED_DEVICE_FAMILY = 4;
				TEST_HOST = "$(BUILT_PRODUCTS_DIR)/YouTubePodWatch.app/YouTubePodWatch";
			};
			name = Release;
		};
		D11575582F4BE2254DA8E779 /* Debug */ = {
			isa = XCBuildConfiguration;
			baseConfigurationReference = 4FA90625534B450F0DD07D0C /* WatchTests.xcconfig */;
			buildSettings = {
				BUNDLE_LOADER = "$(TEST_HOST)";
				GENERATE_INFOPLIST_FILE = YES;
				LD_RUNPATH_SEARCH_PATHS = (
					"$(inherited)",
					"@executable_path/Frameworks",
					"@loader_path/Frameworks",
				);
				SDKROOT = watchos;
				SKIP_INSTALL = YES;
				SWIFT_VERSION = 6.0;
				TARGETED_DEVICE_FAMILY = 4;
				TEST_HOST = "$(BUILT_PRODUCTS_DIR)/YouTubePodWatch.app/YouTubePodWatch";
			};
			name = Debug;
		};
		D37967D8A95A737F36A27E48 /* Release */ = {
			isa = XCBuildConfiguration;
			baseConfigurationReference = 5AAC5454886101653737213F /* Base.xcconfig */;
			buildSettings = {
				ASSETCATALOG_COMPILER_APPICON_NAME = AppIcon;
				ASSETCATALOG_COMPILER_GENERATE_SWIFT_ASSET_SYMBOL_EXTENSIONS = YES;
				CODE_SIGN_ENTITLEMENTS = YouTubePod/YouTubePod.entitlements;
				CODE_SIGN_IDENTITY = "iPhone Developer";
				CURRENT_PROJECT_VERSION = 1;
				ENABLE_USER_SCRIPT_SANDBOXING = NO;
				"EXCLUDED_ARCHS[sdk=iphonesimulator*]" = x86_64;
				FRAMEWORK_SEARCH_PATHS = (
					"$(inherited)",
					"\"Frameworks\"",
				);
				GENERATE_INFOPLIST_FILE = NO;
				INFOPLIST_FILE = YouTubePod/Info.plist;
				LD_RUNPATH_SEARCH_PATHS = (
					"$(inherited)",
					"@executable_path/Frameworks",
				);
				MARKETING_VERSION = 0.1.0;
				OTHER_LDFLAGS = "$(inherited) -all_load";
				PRODUCT_NAME = YouTubePod;
				SDKROOT = iphoneos;
				SUPPORTS_MACCATALYST = NO;
				SWIFT_VERSION = 6.0;
				TARGETED_DEVICE_FAMILY = 1;
			};
			name = Release;
		};
		D852C1EDDF37C3D1BFB37EA0 /* Debug */ = {
			isa = XCBuildConfiguration;
			buildSettings = {
				BUNDLE_LOADER = "$(TEST_HOST)";
				GENERATE_INFOPLIST_FILE = YES;
				LD_RUNPATH_SEARCH_PATHS = (
					"$(inherited)",
					"@executable_path/Frameworks",
					"@loader_path/Frameworks",
				);
				PRODUCT_BUNDLE_IDENTIFIER = com.rimtty.YouTubePodWatchUITests;
				SDKROOT = watchos;
				SKIP_INSTALL = YES;
				SWIFT_VERSION = 6.0;
				TARGETED_DEVICE_FAMILY = 4;
				TEST_TARGET_NAME = YouTubePodWatch;
			};
			name = Debug;
		};
		E2DBF11C94FDF3849732E162 /* Debug */ = {
			isa = XCBuildConfiguration;
			baseConfigurationReference = 2BA905913416574B01F245C5 /* Tests.xcconfig */;
			buildSettings = {
				BUNDLE_LOADER = "$(TEST_HOST)";
				"EXCLUDED_ARCHS[sdk=iphonesimulator*]" = x86_64;
				GENERATE_INFOPLIST_FILE = YES;
				LD_RUNPATH_SEARCH_PATHS = (
					"$(inherited)",
					"@executable_path/Frameworks",
					"@loader_path/Frameworks",
				);
				SDKROOT = iphoneos;
				SWIFT_VERSION = 6.0;
				TARGETED_DEVICE_FAMILY = "1,2";
				TEST_HOST = "$(BUILT_PRODUCTS_DIR)/YouTubePod.app/YouTubePod";
			};
			name = Debug;
		};
		E99F5CEC5D22A29EC8E32EFF /* Debug */ = {
			isa = XCBuildConfiguration;
			baseConfigurationReference = B4C20802795A21434D3930EC /* Watch.xcconfig */;
			buildSettings = {
				ASSETCATALOG_COMPILER_APPICON_NAME = AppIcon;
				CURRENT_PROJECT_VERSION = 1;
				GENERATE_INFOPLIST_FILE = NO;
				INFOPLIST_FILE = YouTubePodWatch/Info.plist;
				MARKETING_VERSION = 0.1.0;
				PRODUCT_BUNDLE_IDENTIFIER = com.rimtty.YouTubePod.watchkitapp;
				PRODUCT_NAME = YouTubePodWatch;
				SDKROOT = watchos;
				SKIP_INSTALL = YES;
				SUPPORTS_MACCATALYST = NO;
				SWIFT_VERSION = 6.0;
				TARGETED_DEVICE_FAMILY = 4;
			};
			name = Debug;
		};
/* End XCBuildConfiguration section */

/* Begin XCConfigurationList section */
		033AEA8C68ED3C970A3BBC6D /* Build configuration list for PBXNativeTarget "YouTubePod" */ = {
			isa = XCConfigurationList;
			buildConfigurations = (
				AD4F49A35303C3C2F6E8165C /* Debug */,
				D37967D8A95A737F36A27E48 /* Release */,
			);
			defaultConfigurationIsVisible = 0;
			defaultConfigurationName = Debug;
		};
		206F004FFAC4540CCB32B855 /* Build configuration list for PBXNativeTarget "YouTubePodWatchUITests" */ = {
			isa = XCConfigurationList;
			buildConfigurations = (
				D852C1EDDF37C3D1BFB37EA0 /* Debug */,
				321FD369D697AB87D30C69EF /* Release */,
			);
			defaultConfigurationIsVisible = 0;
			defaultConfigurationName = Debug;
		};
		753D87C66854916032B0251A /* Build configuration list for PBXNativeTarget "YouTubePodWatchTests" */ = {
			isa = XCConfigurationList;
			buildConfigurations = (
				D11575582F4BE2254DA8E779 /* Debug */,
				CBC1B706756226F063AA1A35 /* Release */,
			);
			defaultConfigurationIsVisible = 0;
			defaultConfigurationName = Debug;
		};
		A8E42F30301139B9EBA75431 /* Build configuration list for PBXNativeTarget "YouTubePodTests" */ = {
			isa = XCConfigurationList;
			buildConfigurations = (
				E2DBF11C94FDF3849732E162 /* Debug */,
				2217B078DA99147F0301383E /* Release */,
			);
			defaultConfigurationIsVisible = 0;
			defaultConfigurationName = Debug;
		};
		D7DBC8F76045B4DFA3CA0F2D /* Build configuration list for PBXNativeTarget "YouTubePodWatch" */ = {
			isa = XCConfigurationList;
			buildConfigurations = (
				E99F5CEC5D22A29EC8E32EFF /* Debug */,
				C4523A06E725D597A4A7F71C /* Release */,
			);
			defaultConfigurationIsVisible = 0;
			defaultConfigurationName = Debug;
		};
		DDCC49375F54A9B0D59A0D2F /* Build configuration list for PBXProject "YouTubePod" */ = {
			isa = XCConfigurationList;
			buildConfigurations = (
				8C1C0AE555C769984BC68840 /* Debug */,
				9D84F4A97050D50C953E85C4 /* Release */,
			);
			defaultConfigurationIsVisible = 0;
			defaultConfigurationName = Debug;
		};
/* End XCConfigurationList section */

/* Begin XCRemoteSwiftPackageReference section */
		ECD3A50FBB221DD07641C32F /* XCRemoteSwiftPackageReference "PythonKit" */ = {
			isa = XCRemoteSwiftPackageReference;
			repositoryURL = "https://github.com/pvieito/PythonKit.git";
			requirement = {
				kind = revision;
				revision = 1ac25ddddca845ba0184911de9c00e1508948cf8;
			};
		};
		F8FF10432B54F05F6976EC9C /* XCRemoteSwiftPackageReference "GoogleSignIn-iOS" */ = {
			isa = XCRemoteSwiftPackageReference;
			repositoryURL = "https://github.com/google/GoogleSignIn-iOS.git";
			requirement = {
				kind = exactVersion;
				version = 9.2.0;
			};
		};
/* End XCRemoteSwiftPackageReference section */

/* Begin XCSwiftPackageProductDependency section */
		3126F004EBF7CC0BD524E7EA /* GoogleSignIn */ = {
			isa = XCSwiftPackageProductDependency;
			package = F8FF10432B54F05F6976EC9C /* XCRemoteSwiftPackageReference "GoogleSignIn-iOS" */;
			productName = GoogleSignIn;
		};
		DFF017077966D2CCA9C43966 /* PythonKit */ = {
			isa = XCSwiftPackageProductDependency;
			package = ECD3A50FBB221DD07641C32F /* XCRemoteSwiftPackageReference "PythonKit" */;
			productName = PythonKit;
		};
/* End XCSwiftPackageProductDependency section */
	};
	rootObject = 381E82668A24B77249B4322C /* Project object */;
}
